
Microsoft Visual Studio Solution File, Format Version 12.00
# Visual Studio Version 17
VisualStudioVersion = 17.8.34322.80
MinimumVisualStudioVersion = 10.0.40219.1
Project("{9A19103F-16F7-4668-BE54-9A1E7A4F7556}") = "Baitaptest", "Baitaptest\Baitaptest.csproj", "{7F34FC24-E8A9-40AD-B01A-42F5AB789197}"
EndProject
Global
	GlobalSection(SolutionConfigurationPlatforms) = preSolution
		Debug|Any CPU = Debug|Any CPU
		Release|Any CPU = Release|Any CPU
	EndGlobalSection
	GlobalSection(ProjectConfigurationPlatforms) = postSolution
		{7F34FC24-E8A9-40AD-B01A-42F5AB789197}.Debug|Any CPU.ActiveCfg = Debug|Any CPU
		{7F34FC24-E8A9-40AD-B01A-42F5AB789197}.Debug|Any CPU.Build.0 = Debug|Any CPU
		{7F34FC24-E8A9-40AD-B01A-42F5AB789197}.Release|Any CPU.ActiveCfg = Release|Any CPU
		{7F34FC24-E8A9-40AD-B01A-42F5AB789197}.Release|Any CPU.Build.0 = Release|Any CPU
	EndGlobalSection
	GlobalSection(SolutionProperties) = preSolution
		HideSolutionNode = FALSE
	EndGlobalSection
	GlobalSection(ExtensibilityGlobals) = postSolution
		SolutionGuid = {B24286BC-456A-4692-BC59-F94F80F0D8B5}
	EndGlobalSection
EndGlobal
